
Microsoft Visual Studio Solution File, Format Version 12.00
# Visual Studio Version 17
VisualStudioVersion = 17.3.32825.248
MinimumVisualStudioVersion = 10.0.40219.1
Project("{FAE04EC0-301F-11D3-BF4B-00C04F79EFBC}") = "TestProject1", "TestProject1\TestProject1.csproj", "{1D9D3EB5-5276-48ED-BCDA-016D70559EDF}"
EndProject
Project("{FAE04EC0-301F-11D3-BF4B-00C04F79EFBC}") = "ClassLibrary1", "ClassLibrary1\ClassLibrary1.csproj", "{CD3A562B-6693-410D-A727-9E4DAF118828}"
EndProject
Global
	GlobalSection(SolutionConfigurationPlatforms) = preSolution
		Debug|Any CPU = Debug|Any CPU
		Release|Any CPU = Release|Any CPU
	EndGlobalSection
	GlobalSection(ProjectConfigurationPlatforms) = postSolution
		{1D9D3EB5-5276-48ED-BCDA-016D70559EDF}.Debug|Any CPU.ActiveCfg = Debug|Any CPU
		{1D9D3EB5-5276-48ED-BCDA-016D70559EDF}.Debug|Any CPU.Build.0 = Debug|Any CPU
		{1D9D3EB5-5276-48ED-BCDA-016D70559EDF}.Release|Any CPU.ActiveCfg = Release|Any CPU
		{1D9D3EB5-5276-48ED-BCDA-016D70559EDF}.Release|Any CPU.Build.0 = Release|Any CPU
		{CD3A562B-6693-410D-A727-9E4DAF118828}.Debug|Any CPU.ActiveCfg = Debug|Any CPU
		{CD3A562B-6693-410D-A727-9E4DAF118828}.Debug|Any CPU.Build.0 = Debug|Any CPU
		{CD3A562B-6693-410D-A727-9E4DAF118828}.Release|Any CPU.ActiveCfg = Release|Any CPU
		{CD3A562B-6693-410D-A727-9E4DAF118828}.Release|Any CPU.Build.0 = Release|Any CPU
	EndGlobalSection
	GlobalSection(SolutionProperties) = preSolution
		HideSolutionNode = FALSE
	EndGlobalSection
	GlobalSection(ExtensibilityGlobals) = postSolution
		SolutionGuid = {9D8BF9F0-513A-4B3F-8A85-55AA535C4B5A}
	EndGlobalSection
EndGlobal
